
Microsoft Visual Studio Solution File, Format Version 12.00
# Visual Studio Version 17
VisualStudioVersion = 17.0.31825.309
MinimumVisualStudioVersion = 10.0.40219.1
Project("{9A19103F-16F7-4668-BE54-9A1E7A4F7556}") = "MlSauer.StreamTools", "MlSauer.StreamTools\MlSauer.StreamTools.csproj", "{48F6A37C-D73F-4738-98CA-6B41FDAB9420}"
EndProject
Project("{2150E333-8FDC-42A3-9474-1A3956D46DE8}") = "Solution Items", "Solution Items", "{DDD82F60-563B-44D5-8A8E-B4DE0ADA711E}"
	ProjectSection(SolutionItems) = preProject
		.editorconfig = .editorconfig
	EndProjectSection
EndProject
Global
	GlobalSection(SolutionConfigurationPlatforms) = preSolution
		Debug|Any CPU = Debug|Any CPU
		Release|Any CPU = Release|Any CPU
	EndGlobalSection
	GlobalSection(ProjectConfigurationPlatforms) = postSolution
		{48F6A37C-D73F-4738-98CA-6B41FDAB9420}.Debug|Any CPU.ActiveCfg = Debug|Any CPU
		{48F6A37C-D73F-4738-98CA-6B41FDAB9420}.Debug|Any CPU.Build.0 = Debug|Any CPU
		{48F6A37C-D73F-4738-98CA-6B41FDAB9420}.Release|Any CPU.ActiveCfg = Release|Any CPU
		{48F6A37C-D73F-4738-98CA-6B41FDAB9420}.Release|Any CPU.Build.0 = Release|Any CPU
	EndGlobalSection
	GlobalSection(SolutionProperties) = preSolution
		HideSolutionNode = FALSE
	EndGlobalSection
	GlobalSection(ExtensibilityGlobals) = postSolution
		SolutionGuid = {B5E826B3-6963-43FC-BB41-9DA828935175}
	EndGlobalSection
EndGlobal
